
Microsoft Visual Studio Solution File, Format Version 12.00
# Visual Studio Version 17
VisualStudioVersion = 17.2.32630.192
MinimumVisualStudioVersion = 10.0.40219.1
Project("{FAE04EC0-301F-11D3-BF4B-00C04F79EFBC}") = "Progrimage", "Progrimage.csproj", "{B1B9D3FE-42AC-4BFF-8C5F-49AAD64C977E}"
EndProject
Global
	GlobalSection(SolutionConfigurationPlatforms) = preSolution
		Debug|Any CPU = Debug|Any CPU
		Release|Any CPU = Release|Any CPU
	EndGlobalSection
	GlobalSection(ProjectConfigurationPlatforms) = postSolution
		{B1B9D3FE-42AC-4BFF-8C5F-49AAD64C977E}.Debug|Any CPU.ActiveCfg = Debug|Any CPU
		{B1B9D3FE-42AC-4BFF-8C5F-49AAD64C977E}.Debug|Any CPU.Build.0 = Debug|Any CPU
		{B1B9D3FE-42AC-4BFF-8C5F-49AAD64C977E}.Release|Any CPU.ActiveCfg = Release|Any CPU
		{B1B9D3FE-42AC-4BFF-8C5F-49AAD64C977E}.Release|Any CPU.Build.0 = Release|Any CPU
	EndGlobalSection
	GlobalSection(SolutionProperties) = preSolution
		HideSolutionNode = FALSE
	EndGlobalSection
	GlobalSection(ExtensibilityGlobals) = postSolution
		SolutionGuid = {99339DDB-563B-4D6D-A5DA-071A778E4DBD}
	EndGlobalSection
EndGlobal
